// !$*UTF8*$!
{
	archiveVersion = 1;
	classes = {
	};
	objectVersion = 50;
	objects = {

/* Begin PBXBuildFile section */
		3E81390824B4FA9A00CB8779 /* AppDelegate.swift in Sources */ = {isa = PBXBuildFile; fileRef = 3E81390724B4FA9A00CB8779 /* AppDelegate.swift */; };
		3E81390A24B4FA9A00CB8779 /* SceneDelegate.swift in Sources */ = {isa = PBXBuildFile; fileRef = 3E81390924B4FA9A00CB8779 /* SceneDelegate.swift */; };
		3E81390C24B4FA9A00CB8779 /* CalendarViewController.swift in Sources */ = {isa = PBXBuildFile; fileRef = 3E81390B24B4FA9A00CB8779 /* CalendarViewController.swift */; };
		3E81390F24B4FA9A00CB8779 /* Main.storyboard in Resources */ = {isa = PBXBuildFile; fileRef = 3E81390D24B4FA9A00CB8779 /* Main.storyboard */; };
		3E81391124B4FA9D00CB8779 /* Assets.xcassets in Resources */ = {isa = PBXBuildFile; fileRef = 3E81391024B4FA9D00CB8779 /* Assets.xcassets */; };
		3E81391424B4FA9D00CB8779 /* LaunchScreen.storyboard in Resources */ = {isa = PBXBuildFile; fileRef = 3E81391224B4FA9D00CB8779 /* LaunchScreen.storyboard */; };
		3E81392224B4FD9D00CB8779 /* LoginViewController.swift in Sources */ = {isa = PBXBuildFile; fileRef = 3E81392124B4FD9D00CB8779 /* LoginViewController.swift */; };
		3E81392424B4FDAA00CB8779 /* RegisterViewController.swift in Sources */ = {isa = PBXBuildFile; fileRef = 3E81392324B4FDAA00CB8779 /* RegisterViewController.swift */; };
		3E81392624B4FDBB00CB8779 /* ProfileViewController.swift in Sources */ = {isa = PBXBuildFile; fileRef = 3E81392524B4FDBB00CB8779 /* ProfileViewController.swift */; };
		3E81392824B4FDD900CB8779 /* MedicineViewController.swift in Sources */ = {isa = PBXBuildFile; fileRef = 3E81392724B4FDD900CB8779 /* MedicineViewController.swift */; };
		3EF7435624C0B58E00CA9B42 /* Extensions.swift in Sources */ = {isa = PBXBuildFile; fileRef = 3EF7435524C0B58D00CA9B42 /* Extensions.swift */; };
/* End PBXBuildFile section */

/* Begin PBXFileReference section */
		3E81390424B4FA9A00CB8779 /* MYgraine.app */ = {isa = PBXFileReference; explicitFileType = wrapper.application; includeInIndex = 0; path = MYgraine.app; sourceTree = BUILT_PRODUCTS_DIR; };
		3E81390724B4FA9A00CB8779 /* AppDelegate.swift */ = {isa = PBXFileReference; lastKnownFileType = sourcecode.swift; path = AppDelegate.swift; sourceTree = "<group>"; };
		3E81390924B4FA9A00CB8779 /* SceneDelegate.swift */ = {isa = PBXFileReference; lastKnownFileType = sourcecode.swift; path = SceneDelegate.swift; sourceTree = "<group>"; };
		3E81390B24B4FA9A00CB8779 /* CalendarViewController.swift */ = {isa = PBXFileReference; lastKnownFileType = sourcecode.swift; path = CalendarViewController.swift; sourceTree = "<group>"; };
		3E81390E24B4FA9A00CB8779 /* Base */ = {isa = PBXFileReference; lastKnownFileType = file.storyboard; name = Base; path = Base.lproj/Main.storyboard; sourceTree = "<group>"; };
		3E81391024B4FA9D00CB8779 /* Assets.xcassets */ = {isa = PBXFileReference; lastKnownFileType = folder.assetcatalog; path = Assets.xcassets; sourceTree = "<group>"; };
		3E81391324B4FA9D00CB8779 /* Base */ = {isa = PBXFileReference; lastKnownFileType = file.storyboard; name = Base; path = Base.lproj/LaunchScreen.storyboard; sourceTree = "<group>"; };
		3E81391524B4FA9D00CB8779 /* Info.plist */ = {isa = PBXFileReference; lastKnownFileType = text.plist.xml; path = Info.plist; sourceTree = "<group>"; };
		3E81392124B4FD9D00CB8779 /* LoginViewController.swift */ = {isa = PBXFileReference; lastKnownFileType = sourcecode.swift; path = LoginViewController.swift; sourceTree = "<group>"; };
		3E81392324B4FDAA00CB8779 /* RegisterViewController.swift */ = {isa = PBXFileReference; lastKnownFileType = sourcecode.swift; path = RegisterViewController.swift; sourceTree = "<group>"; };
		3E81392524B4FDBB00CB8779 /* ProfileViewController.swift */ = {isa = PBXFileReference; lastKnownFileType = sourcecode.swift; path = ProfileViewController.swift; sourceTree = "<group>"; };
		3E81392724B4FDD900CB8779 /* MedicineViewController.swift */ = {isa = PBXFileReference; lastKnownFileType = sourcecode.swift; path = MedicineViewController.swift; sourceTree = "<group>"; };
		3EF7435524C0B58D00CA9B42 /* Extensions.swift */ = {isa = PBXFileReference; lastKnownFileType = sourcecode.swift; path = Extensions.swift; sourceTree = "<group>"; };
/* End PBXFileReference section */

/* Begin PBXFrameworksBuildPhase section */
		3E81390124B4FA9A00CB8779 /* Frameworks */ = {
			isa = PBXFrameworksBuildPhase;
			buildActionMask = 2147483647;
			files = (
			);
			runOnlyForDeploymentPostprocessing = 0;
		};
/* End PBXFrameworksBuildPhase section */

/* Begin PBXGroup section */
		3E8138FB24B4FA9A00CB8779 = {
			isa = PBXGroup;
			children = (
				3E81390624B4FA9A00CB8779 /* MYgraine */,
				3E81390524B4FA9A00CB8779 /* Products */,
			);
			sourceTree = "<group>";
		};
		3E81390524B4FA9A00CB8779 /* Products */ = {
			isa = PBXGroup;
			children = (
				3E81390424B4FA9A00CB8779 /* MYgraine.app */,
			);
			name = Products;
			sourceTree = "<group>";
		};
		3E81390624B4FA9A00CB8779 /* MYgraine */ = {
			isa = PBXGroup;
			children = (
				3E81391B24B4FC0100CB8779 /* Resources */,
				3E81391D24B4FC1900CB8779 /* Models */,
				3E81391C24B4FC1100CB8779 /* View Models */,
				3E81391E24B4FC1E00CB8779 /* Views */,
				3E81391F24B4FC2200CB8779 /* Controllers */,
				3E81391524B4FA9D00CB8779 /* Info.plist */,
			);
			path = MYgraine;
			sourceTree = "<group>";
		};
		3E81391B24B4FC0100CB8779 /* Resources */ = {
			isa = PBXGroup;
			children = (
				3E81390924B4FA9A00CB8779 /* SceneDelegate.swift */,
				3E81390724B4FA9A00CB8779 /* AppDelegate.swift */,
				3EF7435524C0B58D00CA9B42 /* Extensions.swift */,
			);
			path = Resources;
			sourceTree = "<group>";
		};
		3E81391C24B4FC1100CB8779 /* View Models */ = {
			isa = PBXGroup;
			children = (
			);
			path = "View Models";
			sourceTree = "<group>";
		};
		3E81391D24B4FC1900CB8779 /* Models */ = {
			isa = PBXGroup;
			children = (
			);
			path = Models;
			sourceTree = "<group>";
		};
		3E81391E24B4FC1E00CB8779 /* Views */ = {
			isa = PBXGroup;
			children = (
				3E81392024B4FC3100CB8779 /* Story Boards */,
				3E81391024B4FA9D00CB8779 /* Assets.xcassets */,
			);
			path = Views;
			sourceTree = "<group>";
		};
		3E81391F24B4FC2200CB8779 /* Controllers */ = {
			isa = PBXGroup;
			children = (
				3E81390B24B4FA9A00CB8779 /* CalendarViewController.swift */,
				3E81392A24C07CCE00CB8779 /* Login */,
				3E81392524B4FDBB00CB8779 /* ProfileViewController.swift */,
				3E81392724B4FDD900CB8779 /* MedicineViewController.swift */,
			);
			path = Controllers;
			sourceTree = "<group>";
		};
		3E81392024B4FC3100CB8779 /* Story Boards */ = {
			isa = PBXGroup;
			children = (
				3E81390D24B4FA9A00CB8779 /* Main.storyboard */,
				3E81391224B4FA9D00CB8779 /* LaunchScreen.storyboard */,
			);
			path = "Story Boards";
			sourceTree = "<group>";
		};
		3E81392A24C07CCE00CB8779 /* Login */ = {
			isa = PBXGroup;
			children = (
				3E81392124B4FD9D00CB8779 /* LoginViewController.swift */,
				3E81392324B4FDAA00CB8779 /* RegisterViewController.swift */,
			);
			path = Login;
			sourceTree = "<group>";
		};
/* End PBXGroup section */

/* Begin PBXNativeTarget section */
		3E81390324B4FA9A00CB8779 /* MYgraine */ = {
			isa = PBXNativeTarget;
			buildConfigurationList = 3E81391824B4FA9D00CB8779 /* Build configuration list for PBXNativeTarget "MYgraine" */;
			buildPhases = (
				3E81390024B4FA9A00CB8779 /* Sources */,
				3E81390124B4FA9A00CB8779 /* Frameworks */,
				3E81390224B4FA9A00CB8779 /* Resources */,
			);
			buildRules = (
			);
			dependencies = (
			);
			name = MYgraine;
			productName = MYgraine;
			productReference = 3E81390424B4FA9A00CB8779 /* MYgraine.app */;
			productType = "com.apple.product-type.application";
		};
/* End PBXNativeTarget section */

/* Begin PBXProject section */
		3E8138FC24B4FA9A00CB8779 /* Project object */ = {
			isa = PBXProject;
			attributes = {
				LastSwiftUpdateCheck = 1150;
				LastUpgradeCheck = 1150;
				ORGANIZATIONNAME = "Anthony Crawley";
				TargetAttributes = {
					3E81390324B4FA9A00CB8779 = {
						CreatedOnToolsVersion = 11.5;
					};
				};
			};
			buildConfigurationList = 3E8138FF24B4FA9A00CB8779 /* Build configuration list for PBXProject "MYgraine" */;
			compatibilityVersion = "Xcode 9.3";
			developmentRegion = en;
			hasScannedForEncodings = 0;
			knownRegions = (
				en,
				Base,
			);
			mainGroup = 3E8138FB24B4FA9A00CB8779;
			productRefGroup = 3E81390524B4FA9A00CB8779 /* Products */;
			projectDirPath = "";
			projectRoot = "";
			targets = (
				3E81390324B4FA9A00CB8779 /* MYgraine */,
			);
		};
/* End PBXProject section */

/* Begin PBXResourcesBuildPhase section */
		3E81390224B4FA9A00CB8779 /* Resources */ = {
			isa = PBXResourcesBuildPhase;
			buildActionMask = 2147483647;
			files = (
				3E81391424B4FA9D00CB8779 /* LaunchScreen.storyboard in Resources */,
				3E81391124B4FA9D00CB8779 /* Assets.xcassets in Resources */,
				3E81390F24B4FA9A00CB8779 /* Main.storyboard in Resources */,
			);
			runOnlyForDeploymentPostprocessing = 0;
		};
/* End PBXResourcesBuildPhase section */

/* Begin PBXSourcesBuildPhase section */
		3E81390024B4FA9A00CB8779 /* Sources */ = {
			isa = PBXSourcesBuildPhase;
			buildActionMask = 2147483647;
			files = (
				3E81392624B4FDBB00CB8779 /* ProfileViewController.swift in Sources */,
				3E81392824B4FDD900CB8779 /* MedicineViewController.swift in Sources */,
				3E81392224B4FD9D00CB8779 /* LoginViewController.swift in Sources */,
				3EF7435624C0B58E00CA9B42 /* Extensions.swift in Sources */,
				3E81392424B4FDAA00CB8779 /* RegisterViewController.swift in Sources */,
				3E81390C24B4FA9A00CB8779 /* CalendarViewController.swift in Sources */,
				3E81390824B4FA9A00CB8779 /* AppDelegate.swift in Sources */,
				3E81390A24B4FA9A00CB8779 /* SceneDelegate.swift in Sources */,
			);
			runOnlyForDeploymentPostprocessing = 0;
		};
/* End PBXSourcesBuildPhase section */

/* Begin PBXVariantGroup section */
		3E81390D24B4FA9A00CB8779 /* Main.storyboard */ = {
			isa = PBXVariantGroup;
			children = (
				3E81390E24B4FA9A00CB8779 /* Base */,
			);
			name = Main.storyboard;
			sourceTree = "<group>";
		};
		3E81391224B4FA9D00CB8779 /* LaunchScreen.storyboard */ = {
			isa = PBXVariantGroup;
			children = (
				3E81391324B4FA9D00CB8779 /* Base */,
			);
			name = LaunchScreen.storyboard;
			sourceTree = "<group>";
		};
/* End PBXVariantGroup section */

/* Begin XCBuildConfiguration section */
		3E81391624B4FA9D00CB8779 /* Debug */ = {
			isa = XCBuildConfiguration;
			buildSettings = {
				ALWAYS_SEARCH_USER_PATHS = NO;
				CLANG_ANALYZER_NONNULL = YES;
				CLANG_ANALYZER_NUMBER_OBJECT_CONVERSION = YES_AGGRESSIVE;
				CLANG_CXX_LANGUAGE_STANDARD = "gnu++14";
				CLANG_CXX_LIBRARY = "libc++";
				CLANG_ENABLE_MODULES = YES;
				CLANG_ENABLE_OBJC_ARC = YES;
				CLANG_ENABLE_OBJC_WEAK = YES;
				CLANG_WARN_BLOCK_CAPTURE_AUTORELEASING = YES;
				CLANG_WARN_BOOL_CONVERSION = YES;
				CLANG_WARN_COMMA = YES;
				CLANG_WARN_CONSTANT_CONVERSION = YES;
				CLANG_WARN_DEPRECATED_OBJC_IMPLEMENTATIONS = YES;
				CLANG_WARN_DIRECT_OBJC_ISA_USAGE = YES_ERROR;
				CLANG_WARN_DOCUMENTATION_COMMENTS = YES;
				CLANG_WARN_EMPTY_BODY = YES;
				CLANG_WARN_ENUM_CONVERSION = YES;
				CLANG_WARN_INFINITE_RECURSION = YES;
				CLANG_WARN_INT_CONVERSION = YES;
				CLANG_WARN_NON_LITERAL_NULL_CONVERSION = YES;
				CLANG_WARN_OBJC_IMPLICIT_RETAIN_SELF = YES;
				CLANG_WARN_OBJC_LITERAL_CONVERSION = YES;
				CLANG_WARN_OBJC_ROOT_CLASS = YES_ERROR;
				CLANG_WARN_RANGE_LOOP_ANALYSIS = YES;
				CLANG_WARN_STRICT_PROTOTYPES = YES;
				CLANG_WARN_SUSPICIOUS_MOVE = YES;
				CLANG_WARN_UNGUARDED_AVAILABILITY = YES_AGGRESSIVE;
				CLANG_WARN_UNREACHABLE_CODE = YES;
				CLANG_WARN__DUPLICATE_METHOD_MATCH = YES;
				COPY_PHASE_STRIP = NO;
				DEBUG_INFORMATION_FORMAT = dwarf;
				ENABLE_STRICT_OBJC_MSGSEND = YES;
				ENABLE_TESTABILITY = YES;
				GCC_C_LANGUAGE_STANDARD = gnu11;
				GCC_DYNAMIC_NO_PIC = NO;
				GCC_NO_COMMON_BLOCKS = YES;
				GCC_OPTIMIZATION_LEVEL = 0;
				GCC_PREPROCESSOR_DEFINITIONS = (
					"DEBUG=1",
					"$(inherited)",
				);
				GCC_WARN_64_TO_32_BIT_CONVERSION = YES;
				GCC_WARN_ABOUT_RETURN_TYPE = YES_ERROR;
				GCC_WARN_UNDECLARED_SELECTOR = YES;
				GCC_WARN_UNINITIALIZED_AUTOS = YES_AGGRESSIVE;
				GCC_WARN_UNUSED_FUNCTION = YES;
				GCC_WARN_UNUSED_VARIABLE = YES;
				IPHONEOS_DEPLOYMENT_TARGET = 13.5;
				MTL_ENABLE_DEBUG_INFO = INCLUDE_SOURCE;
				MTL_FAST_MATH = YES;
				ONLY_ACTIVE_ARCH = YES;
				SDKROOT = iphoneos;
				SWIFT_ACTIVE_COMPILATION_CONDITIONS = DEBUG;
				SWIFT_OPTIMIZATION_LEVEL = "-Onone";
			};
			name = Debug;
		};
		3E81391724B4FA9D00CB8779 /* Release */ = {
			isa = XCBuildConfiguration;
			buildSettings = {
				ALWAYS_SEARCH_USER_PATHS = NO;
				CLANG_ANALYZER_NONNULL = YES;
				CLANG_ANALYZER_NUMBER_OBJECT_CONVERSION = YES_AGGRESSIVE;
				CLANG_CXX_LANGUAGE_STANDARD = "gnu++14";
				CLANG_CXX_LIBRARY = "libc++";
				CLANG_ENABLE_MODULES = YES;
				CLANG_ENABLE_OBJC_ARC = YES;
				CLANG_ENABLE_OBJC_WEAK = YES;
				CLANG_WARN_BLOCK_CAPTURE_AUTORELEASING = YES;
				CLANG_WARN_BOOL_CONVERSION = YES;
				CLANG_WARN_COMMA = YES;
				CLANG_WARN_CONSTANT_CONVERSION = YES;
				CLANG_WARN_DEPRECATED_OBJC_IMPLEMENTATIONS = YES;
				CLANG_WARN_DIRECT_OBJC_ISA_USAGE = YES_ERROR;
				CLANG_WARN_DOCUMENTATION_COMMENTS = YES;
				CLANG_WARN_EMPTY_BODY = YES;
				CLANG_WARN_ENUM_CONVERSION = YES;
				CLANG_WARN_INFINITE_RECURSION = YES;
				CLANG_WARN_INT_CONVERSION = YES;
				CLANG_WARN_NON_LITERAL_NULL_CONVERSION = YES;
				CLANG_WARN_OBJC_IMPLICIT_RETAIN_SELF = YES;
				CLANG_WARN_OBJC_LITERAL_CONVERSION = YES;
				CLANG_WARN_OBJC_ROOT_CLASS = YES_ERROR;
				CLANG_WARN_RANGE_LOOP_ANALYSIS = YES;
				CLANG_WARN_STRICT_PROTOTYPES = YES;
				CLANG_WARN_SUSPICIOUS_MOVE = YES;
				CLANG_WARN_UNGUARDED_AVAILABILITY = YES_AGGRESSIVE;
				CLANG_WARN_UNREACHABLE_CODE = YES;
				CLANG_WARN__DUPLICATE_METHOD_MATCH = YES;
				COPY_PHASE_STRIP = NO;
				DEBUG_INFORMATION_FORMAT = "dwarf-with-dsym";
				ENABLE_NS_ASSERTIONS = NO;
				ENABLE_STRICT_OBJC_MSGSEND = YES;
				GCC_C_LANGUAGE_STANDARD = gnu11;
				GCC_NO_COMMON_BLOCKS = YES;
				GCC_WARN_64_TO_32_BIT_CONVERSION = YES;
				GCC_WARN_ABOUT_RETURN_TYPE = YES_ERROR;
				GCC_WARN_UNDECLARED_SELECTOR = YES;
				GCC_WARN_UNINITIALIZED_AUTOS = YES_AGGRESSIVE;
				GCC_WARN_UNUSED_FUNCTION = YES;
				GCC_WARN_UNUSED_VARIABLE = YES;
				IPHONEOS_DEPLOYMENT_TARGET = 13.5;
				MTL_ENABLE_DEBUG_INFO = NO;
				MTL_FAST_MATH = YES;
				SDKROOT = iphoneos;
				SWIFT_COMPILATION_MODE = wholemodule;
				SWIFT_OPTIMIZATION_LEVEL = "-O";
				VALIDATE_PRODUCT = YES;
			};
			name = Release;
		};
		3E81391924B4FA9D00CB8779 /* Debug */ = {
			isa = XCBuildConfiguration;
			buildSettings = {
				ASSETCATALOG_COMPILER_APPICON_NAME = AppIcon;
				CODE_SIGN_STYLE = Automatic;
				DEVELOPMENT_TEAM = KQ49MZ5L8M;
				INFOPLIST_FILE = MYgraine/Info.plist;
				LD_RUNPATH_SEARCH_PATHS = (
					"$(inherited)",
					"@executable_path/Frameworks",
				);
				PRODUCT_BUNDLE_IDENTIFIER = com.anthonycrawley.MYgraine;
				PRODUCT_NAME = "$(TARGET_NAME)";
				SWIFT_VERSION = 5.0;
				TARGETED_DEVICE_FAMILY = "1,2";
			};
			name = Debug;
		};
		3E81391A24B4FA9D00CB8779 /* Release */ = {
			isa = XCBuildConfiguration;
			buildSettings = {
				ASSETCATALOG_COMPILER_APPICON_NAME = AppIcon;
				CODE_SIGN_STYLE = Automatic;
				DEVELOPMENT_TEAM = KQ49MZ5L8M;
				INFOPLIST_FILE = MYgraine/Info.plist;
				LD_RUNPATH_SEARCH_PATHS = (
					"$(inherited)",
					"@executable_path/Frameworks",
				);
				PRODUCT_BUNDLE_IDENTIFIER = com.anthonycrawley.MYgraine;
				PRODUCT_NAME = "$(TARGET_NAME)";
				SWIFT_VERSION = 5.0;
				TARGETED_DEVICE_FAMILY = "1,2";
			};
			name = Release;
		};
/* End XCBuildConfiguration section */

/* Begin XCConfigurationList section */
		3E8138FF24B4FA9A00CB8779 /* Build configuration list for PBXProject "MYgraine" */ = {
			isa = XCConfigurationList;
			buildConfigurations = (
				3E81391624B4FA9D00CB8779 /* Debug */,
				3E81391724B4FA9D00CB8779 /* Release */,
			);
			defaultConfigurationIsVisible = 0;
			defaultConfigurationName = Release;
		};
		3E81391824B4FA9D00CB8779 /* Build configuration list for PBXNativeTarget "MYgraine" */ = {
			isa = XCConfigurationList;
			buildConfigurations = (
				3E81391924B4FA9D00CB8779 /* Debug */,
				3E81391A24B4FA9D00CB8779 /* Release */,
			);
			defaultConfigurationIsVisible = 0;
			defaultConfigurationName = Release;
		};
/* End XCConfigurationList section */
	};
	rootObject = 3E8138FC24B4FA9A00CB8779 /* Project object */;
}
